{
    "name": "vscode-talonscript",
    "version": "0.3.24",
    "lockfileVersion": 2,
    "requires": true,
    "packages": {
        "": {
            "name": "vscode-talonscript",
            "version": "0.3.24",
            "engines": {
                "vscode": "^1.2.0"
            }
        }
    }
}
